
Microsoft Visual Studio Solution File, Format Version 12.00
# Visual Studio 15
Project("{FAE04EC0-301F-11D3-BF4B-00C04F79EFBC}") = "Laboratorio-03", "Laboratorio-03.csproj", "{4CD8A8F6-71CF-45DC-86E4-D1818C4E17BE}"
EndProject
Global
	GlobalSection(SolutionConfigurationPlatforms) = preSolution
		Debug|anycpu = Debug|anycpu
		Release|anycpu = Release|anycpu
	EndGlobalSection
	GlobalSection(ProjectConfigurationPlatforms) = postSolution
		{4CD8A8F6-71CF-45DC-86E4-D1818C4E17BE}.Debug|anycpu.ActiveCfg = Debug|anycpu
		{4CD8A8F6-71CF-45DC-86E4-D1818C4E17BE}.Debug|anycpu.Build.0 = Debug|anycpu
		{4CD8A8F6-71CF-45DC-86E4-D1818C4E17BE}.Release|anycpu.ActiveCfg = Release|anycpu
		{4CD8A8F6-71CF-45DC-86E4-D1818C4E17BE}.Release|anycpu.Build.0 = Release|anycpu
	EndGlobalSection
EndGlobal
